
Microsoft Visual Studio Solution File, Format Version 12.00
# Visual Studio Version 16
VisualStudioVersion = 16.0.30709.132
MinimumVisualStudioVersion = 15.0.26124.0
Project("{2150E333-8FDC-42A3-9474-1A3956D46DE8}") = "src", "src", "{3753B777-45F5-4096-928E-2CDFAAC49DED}"
EndProject
Project("{9A19103F-16F7-4668-BE54-9A1E7A4F7556}") = "Core", "src\Core\Core.csproj", "{ADA962E5-720A-4687-9387-DAFAC9FEB9A3}"
EndProject
Project("{9A19103F-16F7-4668-BE54-9A1E7A4F7556}") = "TestHarness", "testharness\TestHarness\TestHarness.csproj", "{01E1D40F-BC06-4248-8C77-21D1301E13CA}"
EndProject
Project("{2150E333-8FDC-42A3-9474-1A3956D46DE8}") = "Solution Items", "Solution Items", "{65C127F7-FE92-4D97-999D-EFC87D3CF34D}"
	ProjectSection(SolutionItems) = preProject
		.editorconfig = .editorconfig
	EndProjectSection
EndProject
Global
	GlobalSection(SolutionConfigurationPlatforms) = preSolution
		Debug|Any CPU = Debug|Any CPU
		Debug|x64 = Debug|x64
		Debug|x86 = Debug|x86
		Release|Any CPU = Release|Any CPU
		Release|x64 = Release|x64
		Release|x86 = Release|x86
	EndGlobalSection
	GlobalSection(ProjectConfigurationPlatforms) = postSolution
		{ADA962E5-720A-4687-9387-DAFAC9FEB9A3}.Debug|Any CPU.ActiveCfg = Debug|Any CPU
		{ADA962E5-720A-4687-9387-DAFAC9FEB9A3}.Debug|Any CPU.Build.0 = Debug|Any CPU
		{ADA962E5-720A-4687-9387-DAFAC9FEB9A3}.Debug|x64.ActiveCfg = Debug|Any CPU
		{ADA962E5-720A-4687-9387-DAFAC9FEB9A3}.Debug|x64.Build.0 = Debug|Any CPU
		{ADA962E5-720A-4687-9387-DAFAC9FEB9A3}.Debug|x86.ActiveCfg = Debug|Any CPU
		{ADA962E5-720A-4687-9387-DAFAC9FEB9A3}.Debug|x86.Build.0 = Debug|Any CPU
		{ADA962E5-720A-4687-9387-DAFAC9FEB9A3}.Release|Any CPU.ActiveCfg = Release|Any CPU
		{ADA962E5-720A-4687-9387-DAFAC9FEB9A3}.Release|Any CPU.Build.0 = Release|Any CPU
		{ADA962E5-720A-4687-9387-DAFAC9FEB9A3}.Release|x64.ActiveCfg = Release|Any CPU
		{ADA962E5-720A-4687-9387-DAFAC9FEB9A3}.Release|x64.Build.0 = Release|Any CPU
		{ADA962E5-720A-4687-9387-DAFAC9FEB9A3}.Release|x86.ActiveCfg = Release|Any CPU
		{ADA962E5-720A-4687-9387-DAFAC9FEB9A3}.Release|x86.Build.0 = Release|Any CPU
		{01E1D40F-BC06-4248-8C77-21D1301E13CA}.Debug|Any CPU.ActiveCfg = Debug|Any CPU
		{01E1D40F-BC06-4248-8C77-21D1301E13CA}.Debug|Any CPU.Build.0 = Debug|Any CPU
		{01E1D40F-BC06-4248-8C77-21D1301E13CA}.Debug|x64.ActiveCfg = Debug|Any CPU
		{01E1D40F-BC06-4248-8C77-21D1301E13CA}.Debug|x64.Build.0 = Debug|Any CPU
		{01E1D40F-BC06-4248-8C77-21D1301E13CA}.Debug|x86.ActiveCfg = Debug|Any CPU
		{01E1D40F-BC06-4248-8C77-21D1301E13CA}.Debug|x86.Build.0 = Debug|Any CPU
		{01E1D40F-BC06-4248-8C77-21D1301E13CA}.Release|Any CPU.ActiveCfg = Release|Any CPU
		{01E1D40F-BC06-4248-8C77-21D1301E13CA}.Release|Any CPU.Build.0 = Release|Any CPU
		{01E1D40F-BC06-4248-8C77-21D1301E13CA}.Release|x64.ActiveCfg = Release|Any CPU
		{01E1D40F-BC06-4248-8C77-21D1301E13CA}.Release|x64.Build.0 = Release|Any CPU
		{01E1D40F-BC06-4248-8C77-21D1301E13CA}.Release|x86.ActiveCfg = Release|Any CPU
		{01E1D40F-BC06-4248-8C77-21D1301E13CA}.Release|x86.Build.0 = Release|Any CPU
	EndGlobalSection
	GlobalSection(SolutionProperties) = preSolution
		HideSolutionNode = FALSE
	EndGlobalSection
	GlobalSection(NestedProjects) = preSolution
		{ADA962E5-720A-4687-9387-DAFAC9FEB9A3} = {3753B777-45F5-4096-928E-2CDFAAC49DED}
	EndGlobalSection
	GlobalSection(ExtensibilityGlobals) = postSolution
		SolutionGuid = {FE5F2CAC-1617-4395-821C-C778EEA8B046}
	EndGlobalSection
EndGlobal
